// !$*UTF8*$!
{
	archiveVersion = 1;
	classes = {
	};
	objectVersion = 50;
	objects = {

/* Begin PBXBuildFile section */
		1B0A1FD825483386006D0605 /* EditItemView.swift in Sources */ = {isa = PBXBuildFile; fileRef = 1B0A1FD725483386006D0605 /* EditItemView.swift */; };
		1B0A1FDC254839A4006D0605 /* ItemRowView.swift in Sources */ = {isa = PBXBuildFile; fileRef = 1B0A1FDB254839A4006D0605 /* ItemRowView.swift */; };
		1B0A1FDF25483D28006D0605 /* Binding-OnChange.swift in Sources */ = {isa = PBXBuildFile; fileRef = 1B0A1FDE25483D28006D0605 /* Binding-OnChange.swift */; };
		1B0A200D254BFE3A006D0605 /* ProjectHeaderView.swift in Sources */ = {isa = PBXBuildFile; fileRef = 1B0A200C254BFE3A006D0605 /* ProjectHeaderView.swift */; };
		1B0A2015254C0DDB006D0605 /* EditProjectView.swift in Sources */ = {isa = PBXBuildFile; fileRef = 1B0A2014254C0DDB006D0605 /* EditProjectView.swift */; };
		1B17B8A8255F796900211431 /* Bundle-Decodable.swift in Sources */ = {isa = PBXBuildFile; fileRef = 1B17B8A7255F796900211431 /* Bundle-Decodable.swift */; };
		1B17B8AE255F84A400211431 /* Award.swift in Sources */ = {isa = PBXBuildFile; fileRef = 1B17B8AD255F84A400211431 /* Award.swift */; };
		1B297A4025C17B3C003E8A6A /* TourDeForceTests.swift in Sources */ = {isa = PBXBuildFile; fileRef = 1B297A3F25C17B3C003E8A6A /* TourDeForceTests.swift */; };
		1B297A4A25C17E97003E8A6A /* AssetTests.swift in Sources */ = {isa = PBXBuildFile; fileRef = 1B297A4925C17E96003E8A6A /* AssetTests.swift */; };
		1B31AB642572A9E6003575B0 /* Localizable.strings in Resources */ = {isa = PBXBuildFile; fileRef = 1B31AB662572A9E6003575B0 /* Localizable.strings */; };
		1B31AB682572AAD7003575B0 /* Localizable.stringsdict in Resources */ = {isa = PBXBuildFile; fileRef = 1B31AB6A2572AAD7003575B0 /* Localizable.stringsdict */; };
		1B31AB6D2572AD1A003575B0 /* Awards.json in Resources */ = {isa = PBXBuildFile; fileRef = 1B31AB6F2572AD1A003575B0 /* Awards.json */; };
		1B31AB73257CD81D003575B0 /* ItemListView.swift in Sources */ = {isa = PBXBuildFile; fileRef = 1B31AB72257CD81D003575B0 /* ItemListView.swift */; };
		1B31AB78257CDAC0003575B0 /* ProjectSummaryView.swift in Sources */ = {isa = PBXBuildFile; fileRef = 1B31AB77257CDAC0003575B0 /* ProjectSummaryView.swift */; };
		1B35218B254825E90056294D /* DataController.swift in Sources */ = {isa = PBXBuildFile; fileRef = 1B35218A254825E90056294D /* DataController.swift */; };
		1B35218F2548283B0056294D /* HomeView.swift in Sources */ = {isa = PBXBuildFile; fileRef = 1B35218D2548283B0056294D /* HomeView.swift */; };
		1B3521902548283B0056294D /* ProjectsView.swift in Sources */ = {isa = PBXBuildFile; fileRef = 1B35218E2548283B0056294D /* ProjectsView.swift */; };
		1B352199254829B50056294D /* Project-CoreDataHelpers.swift in Sources */ = {isa = PBXBuildFile; fileRef = 1B352197254829B50056294D /* Project-CoreDataHelpers.swift */; };
		1B35219A254829B50056294D /* Item-CoreDataHelpers.swift in Sources */ = {isa = PBXBuildFile; fileRef = 1B352198254829B50056294D /* Item-CoreDataHelpers.swift */; };
		1B35219D25482BA80056294D /* ContentView.swift in Sources */ = {isa = PBXBuildFile; fileRef = 1B35219C25482BA80056294D /* ContentView.swift */; };
		1B473834254C33AF00DFC623 /* Colors.xcassets in Resources */ = {isa = PBXBuildFile; fileRef = 1B473833254C33AF00DFC623 /* Colors.xcassets */; };
		1B52DC3325C994A900ED1B5E /* ExtensionTests.swift in Sources */ = {isa = PBXBuildFile; fileRef = 1B52DC3225C994A900ED1B5E /* ExtensionTests.swift */; };
		1B52DC4125CABCD800ED1B5E /* DecodableDictionary.json in Resources */ = {isa = PBXBuildFile; fileRef = 1B52DC4025CABCD800ED1B5E /* DecodableDictionary.json */; };
		1B52DC4725CABD3D00ED1B5E /* DecodableString.json in Resources */ = {isa = PBXBuildFile; fileRef = 1B52DC4625CABD3D00ED1B5E /* DecodableString.json */; };
		1B52DC5125D55C2F00ED1B5E /* PerformanceTests.swift in Sources */ = {isa = PBXBuildFile; fileRef = 1B52DC5025D55C2F00ED1B5E /* PerformanceTests.swift */; };
		1B52DC5C25D5A5B800ED1B5E /* AwardTests.swift in Sources */ = {isa = PBXBuildFile; fileRef = 1B52DC5B25D5A5B800ED1B5E /* AwardTests.swift */; };
		1B548DE3255A4CD900153151 /* SelectSomethingView.swift in Sources */ = {isa = PBXBuildFile; fileRef = 1B548DE2255A4CD900153151 /* SelectSomethingView.swift */; };
		1B7DACEC257E4A1B00FED66B /* ItemDetailView.swift in Sources */ = {isa = PBXBuildFile; fileRef = 1B7DACEB257E4A1B00FED66B /* ItemDetailView.swift */; };
		1B9F6E2025C2A577008F7393 /* ProjectTests.swift in Sources */ = {isa = PBXBuildFile; fileRef = 1B9F6E1F25C2A577008F7393 /* ProjectTests.swift */; };
		1B9F6E2425C2B025008F7393 /* AwardTests.swift in Sources */ = {isa = PBXBuildFile; fileRef = 1B9F6E2325C2B025008F7393 /* AwardTests.swift */; };
		1B9F6E2825C2BDAC008F7393 /* DevelopmentTests.swift in Sources */ = {isa = PBXBuildFile; fileRef = 1B9F6E2725C2BDAC008F7393 /* DevelopmentTests.swift */; };
		1BAD06F025DFBB2E00D27EE1 /* TourDeForceUITests.swift in Sources */ = {isa = PBXBuildFile; fileRef = 1BAD06EF25DFBB2E00D27EE1 /* TourDeForceUITests.swift */; };
		1BB57F0E255F897300F64A4D /* AwardsView.swift in Sources */ = {isa = PBXBuildFile; fileRef = 1BB57F0D255F897300F64A4D /* AwardsView.swift */; };
		1BBABB422556A9B700874075 /* Sequence-Sorting.swift in Sources */ = {isa = PBXBuildFile; fileRef = 1BBABB412556A9B700874075 /* Sequence-Sorting.swift */; };
		1BC882D82626E2F800F9EA9D /* ProjectsViewModel.swift in Sources */ = {isa = PBXBuildFile; fileRef = 1BC882D72626E2F800F9EA9D /* ProjectsViewModel.swift */; };
		1BC882E626282C2200F9EA9D /* HomeViewModel.swift in Sources */ = {isa = PBXBuildFile; fileRef = 1BC882E526282C2200F9EA9D /* HomeViewModel.swift */; };
		1BC882F0262838F600F9EA9D /* ItemRowViewModel.swift in Sources */ = {isa = PBXBuildFile; fileRef = 1BC882EF262838F600F9EA9D /* ItemRowViewModel.swift */; };
		1BC882FA26296C4C00F9EA9D /* AwardsViewModel.swift in Sources */ = {isa = PBXBuildFile; fileRef = 1BC882F926296C4C00F9EA9D /* AwardsViewModel.swift */; };
		1BDD1D44256CCCE20064055C /* Color-Additions.swift in Sources */ = {isa = PBXBuildFile; fileRef = 1BDD1D43256CCCE20064055C /* Color-Additions.swift */; };
		1BF229EF25481BDF00051A4A /* TourDeForceApp.swift in Sources */ = {isa = PBXBuildFile; fileRef = 1BF229EE25481BDF00051A4A /* TourDeForceApp.swift */; };
		1BF229F325481BE700051A4A /* Assets.xcassets in Resources */ = {isa = PBXBuildFile; fileRef = 1BF229F225481BE700051A4A /* Assets.xcassets */; };
		1BF229F625481BE700051A4A /* Preview Assets.xcassets in Resources */ = {isa = PBXBuildFile; fileRef = 1BF229F525481BE700051A4A /* Preview Assets.xcassets */; };
		1BF22A012548227A00051A4A /* Main.xcdatamodeld in Sources */ = {isa = PBXBuildFile; fileRef = 1BF229FF2548227A00051A4A /* Main.xcdatamodeld */; };
/* End PBXBuildFile section */

/* Begin PBXContainerItemProxy section */
		1B297A4225C17B3C003E8A6A /* PBXContainerItemProxy */ = {
			isa = PBXContainerItemProxy;
			containerPortal = 1BF229E325481BDF00051A4A /* Project object */;
			proxyType = 1;
			remoteGlobalIDString = 1BF229EA25481BDF00051A4A;
			remoteInfo = TourDeForce;
		};
		1B52DC5325D55C2F00ED1B5E /* PBXContainerItemProxy */ = {
			isa = PBXContainerItemProxy;
			containerPortal = 1BF229E325481BDF00051A4A /* Project object */;
			proxyType = 1;
			remoteGlobalIDString = 1BF229EA25481BDF00051A4A;
			remoteInfo = TourDeForce;
		};
		1BAD06F225DFBB2E00D27EE1 /* PBXContainerItemProxy */ = {
			isa = PBXContainerItemProxy;
			containerPortal = 1BF229E325481BDF00051A4A /* Project object */;
			proxyType = 1;
			remoteGlobalIDString = 1BF229EA25481BDF00051A4A;
			remoteInfo = TourDeForce;
		};
/* End PBXContainerItemProxy section */

/* Begin PBXFileReference section */
		1B0A1FD725483386006D0605 /* EditItemView.swift */ = {isa = PBXFileReference; lastKnownFileType = sourcecode.swift; path = EditItemView.swift; sourceTree = "<group>"; };
		1B0A1FDB254839A4006D0605 /* ItemRowView.swift */ = {isa = PBXFileReference; lastKnownFileType = sourcecode.swift; path = ItemRowView.swift; sourceTree = "<group>"; };
		1B0A1FDE25483D28006D0605 /* Binding-OnChange.swift */ = {isa = PBXFileReference; lastKnownFileType = sourcecode.swift; path = "Binding-OnChange.swift"; sourceTree = "<group>"; };
		1B0A200C254BFE3A006D0605 /* ProjectHeaderView.swift */ = {isa = PBXFileReference; lastKnownFileType = sourcecode.swift; path = ProjectHeaderView.swift; sourceTree = "<group>"; };
		1B0A2014254C0DDB006D0605 /* EditProjectView.swift */ = {isa = PBXFileReference; lastKnownFileType = sourcecode.swift; path = EditProjectView.swift; sourceTree = "<group>"; };
		1B17B8A7255F796900211431 /* Bundle-Decodable.swift */ = {isa = PBXFileReference; lastKnownFileType = sourcecode.swift; path = "Bundle-Decodable.swift"; sourceTree = "<group>"; };
		1B17B8AD255F84A400211431 /* Award.swift */ = {isa = PBXFileReference; lastKnownFileType = sourcecode.swift; path = Award.swift; sourceTree = "<group>"; };
		1B297A3D25C17B3C003E8A6A /* TourDeForceTests.xctest */ = {isa = PBXFileReference; explicitFileType = wrapper.cfbundle; includeInIndex = 0; path = TourDeForceTests.xctest; sourceTree = BUILT_PRODUCTS_DIR; };
		1B297A3F25C17B3C003E8A6A /* TourDeForceTests.swift */ = {isa = PBXFileReference; lastKnownFileType = sourcecode.swift; path = TourDeForceTests.swift; sourceTree = "<group>"; };
		1B297A4125C17B3C003E8A6A /* Info.plist */ = {isa = PBXFileReference; lastKnownFileType = text.plist.xml; path = Info.plist; sourceTree = "<group>"; };
		1B297A4925C17E96003E8A6A /* AssetTests.swift */ = {isa = PBXFileReference; lastKnownFileType = sourcecode.swift; path = AssetTests.swift; sourceTree = "<group>"; };
		1B31AB652572A9E6003575B0 /* en */ = {isa = PBXFileReference; lastKnownFileType = text.plist.strings; name = en; path = en.lproj/Localizable.strings; sourceTree = "<group>"; };
		1B31AB672572A9F5003575B0 /* hu */ = {isa = PBXFileReference; lastKnownFileType = text.plist.strings; name = hu; path = hu.lproj/Localizable.strings; sourceTree = "<group>"; };
		1B31AB692572AAD7003575B0 /* en */ = {isa = PBXFileReference; lastKnownFileType = text.plist.stringsdict; name = en; path = en.lproj/Localizable.stringsdict; sourceTree = "<group>"; };
		1B31AB6C2572AADB003575B0 /* hu */ = {isa = PBXFileReference; lastKnownFileType = text.plist.stringsdict; name = hu; path = hu.lproj/Localizable.stringsdict; sourceTree = "<group>"; };
		1B31AB6E2572AD1A003575B0 /* en */ = {isa = PBXFileReference; lastKnownFileType = text.json; name = en; path = en.lproj/Awards.json; sourceTree = "<group>"; };
		1B31AB702572AD1C003575B0 /* hu */ = {isa = PBXFileReference; lastKnownFileType = text.json; name = hu; path = hu.lproj/Awards.json; sourceTree = "<group>"; };
		1B31AB72257CD81D003575B0 /* ItemListView.swift */ = {isa = PBXFileReference; lastKnownFileType = sourcecode.swift; path = ItemListView.swift; sourceTree = "<group>"; };
		1B31AB77257CDAC0003575B0 /* ProjectSummaryView.swift */ = {isa = PBXFileReference; lastKnownFileType = sourcecode.swift; path = ProjectSummaryView.swift; sourceTree = "<group>"; };
		1B35218A254825E90056294D /* DataController.swift */ = {isa = PBXFileReference; fileEncoding = 4; lastKnownFileType = sourcecode.swift; path = DataController.swift; sourceTree = "<group>"; };
		1B35218D2548283B0056294D /* HomeView.swift */ = {isa = PBXFileReference; fileEncoding = 4; lastKnownFileType = sourcecode.swift; path = HomeView.swift; sourceTree = "<group>"; };
		1B35218E2548283B0056294D /* ProjectsView.swift */ = {isa = PBXFileReference; fileEncoding = 4; lastKnownFileType = sourcecode.swift; path = ProjectsView.swift; sourceTree = "<group>"; };
		1B352197254829B50056294D /* Project-CoreDataHelpers.swift */ = {isa = PBXFileReference; fileEncoding = 4; lastKnownFileType = sourcecode.swift; path = "Project-CoreDataHelpers.swift"; sourceTree = "<group>"; };
		1B352198254829B50056294D /* Item-CoreDataHelpers.swift */ = {isa = PBXFileReference; fileEncoding = 4; lastKnownFileType = sourcecode.swift; path = "Item-CoreDataHelpers.swift"; sourceTree = "<group>"; };
		1B35219C25482BA80056294D /* ContentView.swift */ = {isa = PBXFileReference; lastKnownFileType = sourcecode.swift; path = ContentView.swift; sourceTree = "<group>"; };
		1B473833254C33AF00DFC623 /* Colors.xcassets */ = {isa = PBXFileReference; lastKnownFileType = folder.assetcatalog; path = Colors.xcassets; sourceTree = "<group>"; };
		1B52DC3225C994A900ED1B5E /* ExtensionTests.swift */ = {isa = PBXFileReference; lastKnownFileType = sourcecode.swift; path = ExtensionTests.swift; sourceTree = "<group>"; };
		1B52DC4025CABCD800ED1B5E /* DecodableDictionary.json */ = {isa = PBXFileReference; lastKnownFileType = text.json; path = DecodableDictionary.json; sourceTree = "<group>"; };
		1B52DC4625CABD3D00ED1B5E /* DecodableString.json */ = {isa = PBXFileReference; lastKnownFileType = text.json; path = DecodableString.json; sourceTree = "<group>"; };
		1B52DC4E25D55C2F00ED1B5E /* PerformanceTests.xctest */ = {isa = PBXFileReference; explicitFileType = wrapper.cfbundle; includeInIndex = 0; path = PerformanceTests.xctest; sourceTree = BUILT_PRODUCTS_DIR; };
		1B52DC5025D55C2F00ED1B5E /* PerformanceTests.swift */ = {isa = PBXFileReference; lastKnownFileType = sourcecode.swift; path = PerformanceTests.swift; sourceTree = "<group>"; };
		1B52DC5225D55C2F00ED1B5E /* Info.plist */ = {isa = PBXFileReference; lastKnownFileType = text.plist.xml; path = Info.plist; sourceTree = "<group>"; };
		1B52DC5B25D5A5B800ED1B5E /* AwardTests.swift */ = {isa = PBXFileReference; lastKnownFileType = sourcecode.swift; path = AwardTests.swift; sourceTree = "<group>"; };
		1B548DE2255A4CD900153151 /* SelectSomethingView.swift */ = {isa = PBXFileReference; lastKnownFileType = sourcecode.swift; path = SelectSomethingView.swift; sourceTree = "<group>"; };
		1B7DACEB257E4A1B00FED66B /* ItemDetailView.swift */ = {isa = PBXFileReference; lastKnownFileType = sourcecode.swift; path = ItemDetailView.swift; sourceTree = "<group>"; };
		1B9F6E1F25C2A577008F7393 /* ProjectTests.swift */ = {isa = PBXFileReference; lastKnownFileType = sourcecode.swift; path = ProjectTests.swift; sourceTree = "<group>"; };
		1B9F6E2325C2B025008F7393 /* AwardTests.swift */ = {isa = PBXFileReference; lastKnownFileType = sourcecode.swift; path = AwardTests.swift; sourceTree = "<group>"; };
		1B9F6E2725C2BDAC008F7393 /* DevelopmentTests.swift */ = {isa = PBXFileReference; lastKnownFileType = sourcecode.swift; path = DevelopmentTests.swift; sourceTree = "<group>"; };
		1BAD06ED25DFBB2E00D27EE1 /* TourDeForceUITests.xctest */ = {isa = PBXFileReference; explicitFileType = wrapper.cfbundle; includeInIndex = 0; path = TourDeForceUITests.xctest; sourceTree = BUILT_PRODUCTS_DIR; };
		1BAD06EF25DFBB2E00D27EE1 /* TourDeForceUITests.swift */ = {isa = PBXFileReference; lastKnownFileType = sourcecode.swift; path = TourDeForceUITests.swift; sourceTree = "<group>"; };
		1BAD06F125DFBB2E00D27EE1 /* Info.plist */ = {isa = PBXFileReference; lastKnownFileType = text.plist.xml; path = Info.plist; sourceTree = "<group>"; };
		1BB57F0D255F897300F64A4D /* AwardsView.swift */ = {isa = PBXFileReference; lastKnownFileType = sourcecode.swift; path = AwardsView.swift; sourceTree = "<group>"; };
		1BBABB412556A9B700874075 /* Sequence-Sorting.swift */ = {isa = PBXFileReference; lastKnownFileType = sourcecode.swift; path = "Sequence-Sorting.swift"; sourceTree = "<group>"; };
		1BC882D72626E2F800F9EA9D /* ProjectsViewModel.swift */ = {isa = PBXFileReference; lastKnownFileType = sourcecode.swift; path = ProjectsViewModel.swift; sourceTree = SOURCE_ROOT; };
		1BC882E526282C2200F9EA9D /* HomeViewModel.swift */ = {isa = PBXFileReference; lastKnownFileType = sourcecode.swift; path = HomeViewModel.swift; sourceTree = "<group>"; };
		1BC882EF262838F600F9EA9D /* ItemRowViewModel.swift */ = {isa = PBXFileReference; lastKnownFileType = sourcecode.swift; path = ItemRowViewModel.swift; sourceTree = "<group>"; };
		1BC882F926296C4C00F9EA9D /* AwardsViewModel.swift */ = {isa = PBXFileReference; lastKnownFileType = sourcecode.swift; path = AwardsViewModel.swift; sourceTree = "<group>"; };
		1BDD1D43256CCCE20064055C /* Color-Additions.swift */ = {isa = PBXFileReference; lastKnownFileType = sourcecode.swift; path = "Color-Additions.swift"; sourceTree = "<group>"; };
		1BF229EB25481BDF00051A4A /* TourDeForce.app */ = {isa = PBXFileReference; explicitFileType = wrapper.application; includeInIndex = 0; path = TourDeForce.app; sourceTree = BUILT_PRODUCTS_DIR; };
		1BF229EE25481BDF00051A4A /* TourDeForceApp.swift */ = {isa = PBXFileReference; lastKnownFileType = sourcecode.swift; path = TourDeForceApp.swift; sourceTree = "<group>"; };
		1BF229F225481BE700051A4A /* Assets.xcassets */ = {isa = PBXFileReference; lastKnownFileType = folder.assetcatalog; path = Assets.xcassets; sourceTree = "<group>"; };
		1BF229F525481BE700051A4A /* Preview Assets.xcassets */ = {isa = PBXFileReference; lastKnownFileType = folder.assetcatalog; path = "Preview Assets.xcassets"; sourceTree = "<group>"; };
		1BF229F725481BE700051A4A /* Info.plist */ = {isa = PBXFileReference; lastKnownFileType = text.plist.xml; path = Info.plist; sourceTree = "<group>"; };
		1BF22A002548227A00051A4A /* Main.xcdatamodel */ = {isa = PBXFileReference; lastKnownFileType = wrapper.xcdatamodel; path = Main.xcdatamodel; sourceTree = "<group>"; };
/* End PBXFileReference section */

/* Begin PBXFrameworksBuildPhase section */
		1B297A3A25C17B3C003E8A6A /* Frameworks */ = {
			isa = PBXFrameworksBuildPhase;
			buildActionMask = 2147483647;
			files = (
			);
			runOnlyForDeploymentPostprocessing = 0;
		};
		1B52DC4B25D55C2F00ED1B5E /* Frameworks */ = {
			isa = PBXFrameworksBuildPhase;
			buildActionMask = 2147483647;
			files = (
			);
			runOnlyForDeploymentPostprocessing = 0;
		};
		1BAD06EA25DFBB2E00D27EE1 /* Frameworks */ = {
			isa = PBXFrameworksBuildPhase;
			buildActionMask = 2147483647;
			files = (
			);
			runOnlyForDeploymentPostprocessing = 0;
		};
		1BF229E825481BDF00051A4A /* Frameworks */ = {
			isa = PBXFrameworksBuildPhase;
			buildActionMask = 2147483647;
			files = (
			);
			runOnlyForDeploymentPostprocessing = 0;
		};
/* End PBXFrameworksBuildPhase section */

/* Begin PBXGroup section */
		1B0A1FE125483FB6006D0605 /* Extensions */ = {
			isa = PBXGroup;
			children = (
				1B0A1FDE25483D28006D0605 /* Binding-OnChange.swift */,
				1B17B8A7255F796900211431 /* Bundle-Decodable.swift */,
				1BDD1D43256CCCE20064055C /* Color-Additions.swift */,
				1B352198254829B50056294D /* Item-CoreDataHelpers.swift */,
				1B352197254829B50056294D /* Project-CoreDataHelpers.swift */,
				1BBABB412556A9B700874075 /* Sequence-Sorting.swift */,
			);
			path = Extensions;
			sourceTree = "<group>";
		};
		1B297A2C25BF03E2003E8A6A /* Localization */ = {
			isa = PBXGroup;
			children = (
				1B31AB662572A9E6003575B0 /* Localizable.strings */,
				1B31AB6A2572AAD7003575B0 /* Localizable.stringsdict */,
			);
			path = Localization;
			sourceTree = "<group>";
		};
		1B297A2D25BF03F4003E8A6A /* Configuration */ = {
			isa = PBXGroup;
			children = (
				1BF229F725481BE700051A4A /* Info.plist */,
				1BF229FF2548227A00051A4A /* Main.xcdatamodeld */,
			);
			path = Configuration;
			sourceTree = "<group>";
		};
		1B297A3125BF094D003E8A6A /* Activities */ = {
			isa = PBXGroup;
			children = (
				1B297A3225BF0957003E8A6A /* Home */,
				1B297A3425BF0969003E8A6A /* Projects */,
				1B297A3325BF0960003E8A6A /* Awards */,
			);
			path = Activities;
			sourceTree = "<group>";
		};
		1B297A3225BF0957003E8A6A /* Home */ = {
			isa = PBXGroup;
			children = (
				1B35218D2548283B0056294D /* HomeView.swift */,
				1BC882E526282C2200F9EA9D /* HomeViewModel.swift */,
				1B7DACEB257E4A1B00FED66B /* ItemDetailView.swift */,
				1B31AB72257CD81D003575B0 /* ItemListView.swift */,
				1B31AB77257CDAC0003575B0 /* ProjectSummaryView.swift */,
			);
			path = Home;
			sourceTree = "<group>";
		};
		1B297A3325BF0960003E8A6A /* Awards */ = {
			isa = PBXGroup;
			children = (
				1B17B8AD255F84A400211431 /* Award.swift */,
				1B31AB6F2572AD1A003575B0 /* Awards.json */,
				1BB57F0D255F897300F64A4D /* AwardsView.swift */,
				1BC882F926296C4C00F9EA9D /* AwardsViewModel.swift */,
			);
			path = Awards;
			sourceTree = "<group>";
		};
		1B297A3425BF0969003E8A6A /* Projects */ = {
			isa = PBXGroup;
			children = (
				1B0A1FD725483386006D0605 /* EditItemView.swift */,
				1B0A2014254C0DDB006D0605 /* EditProjectView.swift */,
				1B0A1FDB254839A4006D0605 /* ItemRowView.swift */,
				1BC882EF262838F600F9EA9D /* ItemRowViewModel.swift */,
				1B0A200C254BFE3A006D0605 /* ProjectHeaderView.swift */,
				1B35218E2548283B0056294D /* ProjectsView.swift */,
				1BC882D72626E2F800F9EA9D /* ProjectsViewModel.swift */,
				1B548DE2255A4CD900153151 /* SelectSomethingView.swift */,
			);
			path = Projects;
			sourceTree = "<group>";
		};
		1B297A3E25C17B3C003E8A6A /* TourDeForceTests */ = {
			isa = PBXGroup;
			children = (
				1B52DC3F25CABC6900ED1B5E /* Test Fixtures */,
				1B297A3F25C17B3C003E8A6A /* TourDeForceTests.swift */,
				1B297A4925C17E96003E8A6A /* AssetTests.swift */,
				1B9F6E2325C2B025008F7393 /* AwardTests.swift */,
				1B9F6E2725C2BDAC008F7393 /* DevelopmentTests.swift */,
				1B9F6E1F25C2A577008F7393 /* ProjectTests.swift */,
				1B297A4125C17B3C003E8A6A /* Info.plist */,
				1B52DC3225C994A900ED1B5E /* ExtensionTests.swift */,
			);
			path = TourDeForceTests;
			sourceTree = "<group>";
		};
		1B52DC3F25CABC6900ED1B5E /* Test Fixtures */ = {
			isa = PBXGroup;
			children = (
				1B52DC4025CABCD800ED1B5E /* DecodableDictionary.json */,
				1B52DC4625CABD3D00ED1B5E /* DecodableString.json */,
			);
			path = "Test Fixtures";
			sourceTree = "<group>";
		};
		1B52DC4F25D55C2F00ED1B5E /* PerformanceTests */ = {
			isa = PBXGroup;
			children = (
				1B52DC5025D55C2F00ED1B5E /* PerformanceTests.swift */,
				1B52DC5B25D5A5B800ED1B5E /* AwardTests.swift */,
				1B52DC5225D55C2F00ED1B5E /* Info.plist */,
			);
			path = PerformanceTests;
			sourceTree = "<group>";
		};
		1BAD06EE25DFBB2E00D27EE1 /* TourDeForceUITests */ = {
			isa = PBXGroup;
			children = (
				1BAD06EF25DFBB2E00D27EE1 /* TourDeForceUITests.swift */,
				1BAD06F125DFBB2E00D27EE1 /* Info.plist */,
			);
			path = TourDeForceUITests;
			sourceTree = "<group>";
		};
		1BF229E225481BDF00051A4A = {
			isa = PBXGroup;
			children = (
				1BF229ED25481BDF00051A4A /* TourDeForce */,
				1B297A3E25C17B3C003E8A6A /* TourDeForceTests */,
				1B52DC4F25D55C2F00ED1B5E /* PerformanceTests */,
				1BAD06EE25DFBB2E00D27EE1 /* TourDeForceUITests */,
				1BF229EC25481BDF00051A4A /* Products */,
			);
			sourceTree = "<group>";
		};
		1BF229EC25481BDF00051A4A /* Products */ = {
			isa = PBXGroup;
			children = (
				1BF229EB25481BDF00051A4A /* TourDeForce.app */,
				1B297A3D25C17B3C003E8A6A /* TourDeForceTests.xctest */,
				1B52DC4E25D55C2F00ED1B5E /* PerformanceTests.xctest */,
				1BAD06ED25DFBB2E00D27EE1 /* TourDeForceUITests.xctest */,
			);
			name = Products;
			sourceTree = "<group>";
		};
		1BF229ED25481BDF00051A4A /* TourDeForce */ = {
			isa = PBXGroup;
			children = (
				1BF229EE25481BDF00051A4A /* TourDeForceApp.swift */,
				1B35219C25482BA80056294D /* ContentView.swift */,
				1B35218A254825E90056294D /* DataController.swift */,
				1B297A3125BF094D003E8A6A /* Activities */,
				1B0A1FE125483FB6006D0605 /* Extensions */,
				1B297A2C25BF03E2003E8A6A /* Localization */,
				1B297A2D25BF03F4003E8A6A /* Configuration */,
				1BF229F225481BE700051A4A /* Assets.xcassets */,
				1B473833254C33AF00DFC623 /* Colors.xcassets */,
				1BF229F425481BE700051A4A /* Preview Content */,
			);
			path = TourDeForce;
			sourceTree = "<group>";
		};
		1BF229F425481BE700051A4A /* Preview Content */ = {
			isa = PBXGroup;
			children = (
				1BF229F525481BE700051A4A /* Preview Assets.xcassets */,
			);
			path = "Preview Content";
			sourceTree = "<group>";
		};
/* End PBXGroup section */

/* Begin PBXNativeTarget section */
		1B297A3C25C17B3C003E8A6A /* TourDeForceTests */ = {
			isa = PBXNativeTarget;
			buildConfigurationList = 1B297A4425C17B3C003E8A6A /* Build configuration list for PBXNativeTarget "TourDeForceTests" */;
			buildPhases = (
				1B297A3925C17B3C003E8A6A /* Sources */,
				1B297A3A25C17B3C003E8A6A /* Frameworks */,
				1B297A3B25C17B3C003E8A6A /* Resources */,
			);
			buildRules = (
			);
			dependencies = (
				1B297A4325C17B3C003E8A6A /* PBXTargetDependency */,
			);
			name = TourDeForceTests;
			productName = TourDeForceTests;
			productReference = 1B297A3D25C17B3C003E8A6A /* TourDeForceTests.xctest */;
			productType = "com.apple.product-type.bundle.unit-test";
		};
		1B52DC4D25D55C2F00ED1B5E /* PerformanceTests */ = {
			isa = PBXNativeTarget;
			buildConfigurationList = 1B52DC5525D55C2F00ED1B5E /* Build configuration list for PBXNativeTarget "PerformanceTests" */;
			buildPhases = (
				1B52DC4A25D55C2F00ED1B5E /* Sources */,
				1B52DC4B25D55C2F00ED1B5E /* Frameworks */,
				1B52DC4C25D55C2F00ED1B5E /* Resources */,
			);
			buildRules = (
			);
			dependencies = (
				1B52DC5425D55C2F00ED1B5E /* PBXTargetDependency */,
			);
			name = PerformanceTests;
			productName = PerformanceTests;
			productReference = 1B52DC4E25D55C2F00ED1B5E /* PerformanceTests.xctest */;
			productType = "com.apple.product-type.bundle.unit-test";
		};
		1BAD06EC25DFBB2E00D27EE1 /* TourDeForceUITests */ = {
			isa = PBXNativeTarget;
			buildConfigurationList = 1BAD06F625DFBB2E00D27EE1 /* Build configuration list for PBXNativeTarget "TourDeForceUITests" */;
			buildPhases = (
				1BAD06E925DFBB2E00D27EE1 /* Sources */,
				1BAD06EA25DFBB2E00D27EE1 /* Frameworks */,
				1BAD06EB25DFBB2E00D27EE1 /* Resources */,
			);
			buildRules = (
			);
			dependencies = (
				1BAD06F325DFBB2E00D27EE1 /* PBXTargetDependency */,
			);
			name = TourDeForceUITests;
			productName = TourDeForceUITests;
			productReference = 1BAD06ED25DFBB2E00D27EE1 /* TourDeForceUITests.xctest */;
			productType = "com.apple.product-type.bundle.ui-testing";
		};
		1BF229EA25481BDF00051A4A /* TourDeForce */ = {
			isa = PBXNativeTarget;
			buildConfigurationList = 1BF229FA25481BE700051A4A /* Build configuration list for PBXNativeTarget "TourDeForce" */;
			buildPhases = (
				1B297A2A25B64A81003E8A6A /* SwiftLint */,
				1BF229E725481BDF00051A4A /* Sources */,
				1BF229E825481BDF00051A4A /* Frameworks */,
				1BF229E925481BDF00051A4A /* Resources */,
			);
			buildRules = (
			);
			dependencies = (
			);
			name = TourDeForce;
			productName = TourDeForce;
			productReference = 1BF229EB25481BDF00051A4A /* TourDeForce.app */;
			productType = "com.apple.product-type.application";
		};
/* End PBXNativeTarget section */

/* Begin PBXProject section */
		1BF229E325481BDF00051A4A /* Project object */ = {
			isa = PBXProject;
			attributes = {
				LastSwiftUpdateCheck = 1240;
				LastUpgradeCheck = 1230;
				TargetAttributes = {
					1B297A3C25C17B3C003E8A6A = {
						CreatedOnToolsVersion = 12.3;
						TestTargetID = 1BF229EA25481BDF00051A4A;
					};
					1B52DC4D25D55C2F00ED1B5E = {
						CreatedOnToolsVersion = 12.4;
						TestTargetID = 1BF229EA25481BDF00051A4A;
					};
					1BAD06EC25DFBB2E00D27EE1 = {
						CreatedOnToolsVersion = 12.4;
						TestTargetID = 1BF229EA25481BDF00051A4A;
					};
					1BF229EA25481BDF00051A4A = {
						CreatedOnToolsVersion = 12.1;
					};
				};
			};
			buildConfigurationList = 1BF229E625481BDF00051A4A /* Build configuration list for PBXProject "TourDeForce" */;
			compatibilityVersion = "Xcode 9.3";
			developmentRegion = en;
			hasScannedForEncodings = 0;
			knownRegions = (
				en,
				Base,
				hu,
			);
			mainGroup = 1BF229E225481BDF00051A4A;
			productRefGroup = 1BF229EC25481BDF00051A4A /* Products */;
			projectDirPath = "";
			projectRoot = "";
			targets = (
				1BF229EA25481BDF00051A4A /* TourDeForce */,
				1B297A3C25C17B3C003E8A6A /* TourDeForceTests */,
				1B52DC4D25D55C2F00ED1B5E /* PerformanceTests */,
				1BAD06EC25DFBB2E00D27EE1 /* TourDeForceUITests */,
			);
		};
/* End PBXProject section */

/* Begin PBXResourcesBuildPhase section */
		1B297A3B25C17B3C003E8A6A /* Resources */ = {
			isa = PBXResourcesBuildPhase;
			buildActionMask = 2147483647;
			files = (
				1B52DC4725CABD3D00ED1B5E /* DecodableString.json in Resources */,
				1B52DC4125CABCD800ED1B5E /* DecodableDictionary.json in Resources */,
			);
			runOnlyForDeploymentPostprocessing = 0;
		};
		1B52DC4C25D55C2F00ED1B5E /* Resources */ = {
			isa = PBXResourcesBuildPhase;
			buildActionMask = 2147483647;
			files = (
			);
			runOnlyForDeploymentPostprocessing = 0;
		};
		1BAD06EB25DFBB2E00D27EE1 /* Resources */ = {
			isa = PBXResourcesBuildPhase;
			buildActionMask = 2147483647;
			files = (
			);
			runOnlyForDeploymentPostprocessing = 0;
		};
		1BF229E925481BDF00051A4A /* Resources */ = {
			isa = PBXResourcesBuildPhase;
			buildActionMask = 2147483647;
			files = (
				1B31AB642572A9E6003575B0 /* Localizable.strings in Resources */,
				1B473834254C33AF00DFC623 /* Colors.xcassets in Resources */,
				1B31AB6D2572AD1A003575B0 /* Awards.json in Resources */,
				1BF229F625481BE700051A4A /* Preview Assets.xcassets in Resources */,
				1BF229F325481BE700051A4A /* Assets.xcassets in Resources */,
				1B31AB682572AAD7003575B0 /* Localizable.stringsdict in Resources */,
			);
			runOnlyForDeploymentPostprocessing = 0;
		};
/* End PBXResourcesBuildPhase section */

/* Begin PBXShellScriptBuildPhase section */
		1B297A2A25B64A81003E8A6A /* SwiftLint */ = {
			isa = PBXShellScriptBuildPhase;
			buildActionMask = 2147483647;
			files = (
			);
			inputFileListPaths = (
			);
			inputPaths = (
			);
			name = SwiftLint;
			outputFileListPaths = (
			);
			outputPaths = (
			);
			runOnlyForDeploymentPostprocessing = 0;
			shellPath = /bin/sh;
			shellScript = "if which swiftlint >/dev/null; then\n  swiftlint\nelse\n  echo \"warning: SwiftLint not installed, download from https://github.com/realm/SwiftLint\"\nfi\n";
		};
/* End PBXShellScriptBuildPhase section */

/* Begin PBXSourcesBuildPhase section */
		1B297A3925C17B3C003E8A6A /* Sources */ = {
			isa = PBXSourcesBuildPhase;
			buildActionMask = 2147483647;
			files = (
				1B297A4A25C17E97003E8A6A /* AssetTests.swift in Sources */,
				1B9F6E2425C2B025008F7393 /* AwardTests.swift in Sources */,
				1B297A4025C17B3C003E8A6A /* TourDeForceTests.swift in Sources */,
				1B52DC3325C994A900ED1B5E /* ExtensionTests.swift in Sources */,
				1B9F6E2025C2A577008F7393 /* ProjectTests.swift in Sources */,
				1B9F6E2825C2BDAC008F7393 /* DevelopmentTests.swift in Sources */,
			);
			runOnlyForDeploymentPostprocessing = 0;
		};
		1B52DC4A25D55C2F00ED1B5E /* Sources */ = {
			isa = PBXSourcesBuildPhase;
			buildActionMask = 2147483647;
			files = (
				1B52DC5125D55C2F00ED1B5E /* PerformanceTests.swift in Sources */,
				1B52DC5C25D5A5B800ED1B5E /* AwardTests.swift in Sources */,
			);
			runOnlyForDeploymentPostprocessing = 0;
		};
		1BAD06E925DFBB2E00D27EE1 /* Sources */ = {
			isa = PBXSourcesBuildPhase;
			buildActionMask = 2147483647;
			files = (
				1BAD06F025DFBB2E00D27EE1 /* TourDeForceUITests.swift in Sources */,
			);
			runOnlyForDeploymentPostprocessing = 0;
		};
		1BF229E725481BDF00051A4A /* Sources */ = {
			isa = PBXSourcesBuildPhase;
			buildActionMask = 2147483647;
			files = (
				1B3521902548283B0056294D /* ProjectsView.swift in Sources */,
				1B31AB78257CDAC0003575B0 /* ProjectSummaryView.swift in Sources */,
				1B0A200D254BFE3A006D0605 /* ProjectHeaderView.swift in Sources */,
				1BC882D82626E2F800F9EA9D /* ProjectsViewModel.swift in Sources */,
				1BB57F0E255F897300F64A4D /* AwardsView.swift in Sources */,
				1BF22A012548227A00051A4A /* Main.xcdatamodeld in Sources */,
				1B35219D25482BA80056294D /* ContentView.swift in Sources */,
				1BDD1D44256CCCE20064055C /* Color-Additions.swift in Sources */,
				1B0A2015254C0DDB006D0605 /* EditProjectView.swift in Sources */,
				1BC882F0262838F600F9EA9D /* ItemRowViewModel.swift in Sources */,
				1B352199254829B50056294D /* Project-CoreDataHelpers.swift in Sources */,
				1B548DE3255A4CD900153151 /* SelectSomethingView.swift in Sources */,
				1B17B8AE255F84A400211431 /* Award.swift in Sources */,
				1B0A1FDC254839A4006D0605 /* ItemRowView.swift in Sources */,
				1B35218B254825E90056294D /* DataController.swift in Sources */,
				1B0A1FDF25483D28006D0605 /* Binding-OnChange.swift in Sources */,
				1B7DACEC257E4A1B00FED66B /* ItemDetailView.swift in Sources */,
				1BBABB422556A9B700874075 /* Sequence-Sorting.swift in Sources */,
				1BC882FA26296C4C00F9EA9D /* AwardsViewModel.swift in Sources */,
				1B17B8A8255F796900211431 /* Bundle-Decodable.swift in Sources */,
				1B31AB73257CD81D003575B0 /* ItemListView.swift in Sources */,
				1BC882E626282C2200F9EA9D /* HomeViewModel.swift in Sources */,
				1B35218F2548283B0056294D /* HomeView.swift in Sources */,
				1BF229EF25481BDF00051A4A /* TourDeForceApp.swift in Sources */,
				1B35219A254829B50056294D /* Item-CoreDataHelpers.swift in Sources */,
				1B0A1FD825483386006D0605 /* EditItemView.swift in Sources */,
			);
			runOnlyForDeploymentPostprocessing = 0;
		};
/* End PBXSourcesBuildPhase section */

/* Begin PBXTargetDependency section */
		1B297A4325C17B3C003E8A6A /* PBXTargetDependency */ = {
			isa = PBXTargetDependency;
			target = 1BF229EA25481BDF00051A4A /* TourDeForce */;
			targetProxy = 1B297A4225C17B3C003E8A6A /* PBXContainerItemProxy */;
		};
		1B52DC5425D55C2F00ED1B5E /* PBXTargetDependency */ = {
			isa = PBXTargetDependency;
			target = 1BF229EA25481BDF00051A4A /* TourDeForce */;
			targetProxy = 1B52DC5325D55C2F00ED1B5E /* PBXContainerItemProxy */;
		};
		1BAD06F325DFBB2E00D27EE1 /* PBXTargetDependency */ = {
			isa = PBXTargetDependency;
			target = 1BF229EA25481BDF00051A4A /* TourDeForce */;
			targetProxy = 1BAD06F225DFBB2E00D27EE1 /* PBXContainerItemProxy */;
		};
/* End PBXTargetDependency section */

/* Begin PBXVariantGroup section */
		1B31AB662572A9E6003575B0 /* Localizable.strings */ = {
			isa = PBXVariantGroup;
			children = (
				1B31AB652572A9E6003575B0 /* en */,
				1B31AB672572A9F5003575B0 /* hu */,
			);
			name = Localizable.strings;
			sourceTree = "<group>";
		};
		1B31AB6A2572AAD7003575B0 /* Localizable.stringsdict */ = {
			isa = PBXVariantGroup;
			children = (
				1B31AB692572AAD7003575B0 /* en */,
				1B31AB6C2572AADB003575B0 /* hu */,
			);
			name = Localizable.stringsdict;
			sourceTree = "<group>";
		};
		1B31AB6F2572AD1A003575B0 /* Awards.json */ = {
			isa = PBXVariantGroup;
			children = (
				1B31AB6E2572AD1A003575B0 /* en */,
				1B31AB702572AD1C003575B0 /* hu */,
			);
			name = Awards.json;
			sourceTree = "<group>";
		};
/* End PBXVariantGroup section */

/* Begin XCBuildConfiguration section */
		1B297A4525C17B3C003E8A6A /* Debug */ = {
			isa = XCBuildConfiguration;
			buildSettings = {
				BUNDLE_LOADER = "$(TEST_HOST)";
				CODE_SIGN_STYLE = Automatic;
				DEVELOPMENT_TEAM = 2APR69P27L;
				INFOPLIST_FILE = TourDeForceTests/Info.plist;
				IPHONEOS_DEPLOYMENT_TARGET = 14.3;
				LD_RUNPATH_SEARCH_PATHS = (
					"$(inherited)",
					"@executable_path/Frameworks",
					"@loader_path/Frameworks",
				);
				PRODUCT_BUNDLE_IDENTIFIER = com.codecabal.TourDeForceTests;
				PRODUCT_NAME = "$(TARGET_NAME)";
				SWIFT_VERSION = 5.0;
				TARGETED_DEVICE_FAMILY = "1,2";
				TEST_HOST = "$(BUILT_PRODUCTS_DIR)/TourDeForce.app/TourDeForce";
			};
			name = Debug;
		};
		1B297A4625C17B3C003E8A6A /* Release */ = {
			isa = XCBuildConfiguration;
			buildSettings = {
				BUNDLE_LOADER = "$(TEST_HOST)";
				CODE_SIGN_STYLE = Automatic;
				DEVELOPMENT_TEAM = 2APR69P27L;
				INFOPLIST_FILE = TourDeForceTests/Info.plist;
				IPHONEOS_DEPLOYMENT_TARGET = 14.3;
				LD_RUNPATH_SEARCH_PATHS = (
					"$(inherited)",
					"@executable_path/Frameworks",
					"@loader_path/Frameworks",
				);
				PRODUCT_BUNDLE_IDENTIFIER = com.codecabal.TourDeForceTests;
				PRODUCT_NAME = "$(TARGET_NAME)";
				SWIFT_VERSION = 5.0;
				TARGETED_DEVICE_FAMILY = "1,2";
				TEST_HOST = "$(BUILT_PRODUCTS_DIR)/TourDeForce.app/TourDeForce";
			};
			name = Release;
		};
		1B52DC5625D55C2F00ED1B5E /* Debug */ = {
			isa = XCBuildConfiguration;
			buildSettings = {
				BUNDLE_LOADER = "$(TEST_HOST)";
				CODE_SIGN_STYLE = Automatic;
				DEVELOPMENT_TEAM = 2APR69P27L;
				INFOPLIST_FILE = PerformanceTests/Info.plist;
				IPHONEOS_DEPLOYMENT_TARGET = 14.4;
				LD_RUNPATH_SEARCH_PATHS = (
					"$(inherited)",
					"@executable_path/Frameworks",
					"@loader_path/Frameworks",
				);
				PRODUCT_BUNDLE_IDENTIFIER = com.codecabal.PerformanceTests;
				PRODUCT_NAME = "$(TARGET_NAME)";
				SWIFT_VERSION = 5.0;
				TARGETED_DEVICE_FAMILY = "1,2";
				TEST_HOST = "$(BUILT_PRODUCTS_DIR)/TourDeForce.app/TourDeForce";
			};
			name = Debug;
		};
		1B52DC5725D55C2F00ED1B5E /* Release */ = {
			isa = XCBuildConfiguration;
			buildSettings = {
				BUNDLE_LOADER = "$(TEST_HOST)";
				CODE_SIGN_STYLE = Automatic;
				DEVELOPMENT_TEAM = 2APR69P27L;
				INFOPLIST_FILE = PerformanceTests/Info.plist;
				IPHONEOS_DEPLOYMENT_TARGET = 14.4;
				LD_RUNPATH_SEARCH_PATHS = (
					"$(inherited)",
					"@executable_path/Frameworks",
					"@loader_path/Frameworks",
				);
				PRODUCT_BUNDLE_IDENTIFIER = com.codecabal.PerformanceTests;
				PRODUCT_NAME = "$(TARGET_NAME)";
				SWIFT_VERSION = 5.0;
				TARGETED_DEVICE_FAMILY = "1,2";
				TEST_HOST = "$(BUILT_PRODUCTS_DIR)/TourDeForce.app/TourDeForce";
			};
			name = Release;
		};
		1BAD06F425DFBB2E00D27EE1 /* Debug */ = {
			isa = XCBuildConfiguration;
			buildSettings = {
				CODE_SIGN_STYLE = Automatic;
				DEVELOPMENT_TEAM = 2APR69P27L;
				INFOPLIST_FILE = TourDeForceUITests/Info.plist;
				IPHONEOS_DEPLOYMENT_TARGET = 14.4;
				LD_RUNPATH_SEARCH_PATHS = (
					"$(inherited)",
					"@executable_path/Frameworks",
					"@loader_path/Frameworks",
				);
				PRODUCT_BUNDLE_IDENTIFIER = com.codecabal.TourDeForceUITests;
				PRODUCT_NAME = "$(TARGET_NAME)";
				SWIFT_VERSION = 5.0;
				TARGETED_DEVICE_FAMILY = "1,2";
				TEST_TARGET_NAME = TourDeForce;
			};
			name = Debug;
		};
		1BAD06F525DFBB2E00D27EE1 /* Release */ = {
			isa = XCBuildConfiguration;
			buildSettings = {
				CODE_SIGN_STYLE = Automatic;
				DEVELOPMENT_TEAM = 2APR69P27L;
				INFOPLIST_FILE = TourDeForceUITests/Info.plist;
				IPHONEOS_DEPLOYMENT_TARGET = 14.4;
				LD_RUNPATH_SEARCH_PATHS = (
					"$(inherited)",
					"@executable_path/Frameworks",
					"@loader_path/Frameworks",
				);
				PRODUCT_BUNDLE_IDENTIFIER = com.codecabal.TourDeForceUITests;
				PRODUCT_NAME = "$(TARGET_NAME)";
				SWIFT_VERSION = 5.0;
				TARGETED_DEVICE_FAMILY = "1,2";
				TEST_TARGET_NAME = TourDeForce;
			};
			name = Release;
		};
		1BF229F825481BE700051A4A /* Debug */ = {
			isa = XCBuildConfiguration;
			buildSettings = {
				ALWAYS_SEARCH_USER_PATHS = NO;
				CLANG_ANALYZER_LOCALIZABILITY_NONLOCALIZED = YES;
				CLANG_ANALYZER_NONNULL = YES;
				CLANG_ANALYZER_NUMBER_OBJECT_CONVERSION = YES_AGGRESSIVE;
				CLANG_CXX_LANGUAGE_STANDARD = "gnu++14";
				CLANG_CXX_LIBRARY = "libc++";
				CLANG_ENABLE_MODULES = YES;
				CLANG_ENABLE_OBJC_ARC = YES;
				CLANG_ENABLE_OBJC_WEAK = YES;
				CLANG_WARN_BLOCK_CAPTURE_AUTORELEASING = YES;
				CLANG_WARN_BOOL_CONVERSION = YES;
				CLANG_WARN_COMMA = YES;
				CLANG_WARN_CONSTANT_CONVERSION = YES;
				CLANG_WARN_DEPRECATED_OBJC_IMPLEMENTATIONS = YES;
				CLANG_WARN_DIRECT_OBJC_ISA_USAGE = YES_ERROR;
				CLANG_WARN_DOCUMENTATION_COMMENTS = YES;
				CLANG_WARN_EMPTY_BODY = YES;
				CLANG_WARN_ENUM_CONVERSION = YES;
				CLANG_WARN_INFINITE_RECURSION = YES;
				CLANG_WARN_INT_CONVERSION = YES;
				CLANG_WARN_NON_LITERAL_NULL_CONVERSION = YES;
				CLANG_WARN_OBJC_IMPLICIT_RETAIN_SELF = YES;
				CLANG_WARN_OBJC_LITERAL_CONVERSION = YES;
				CLANG_WARN_OBJC_ROOT_CLASS = YES_ERROR;
				CLANG_WARN_QUOTED_INCLUDE_IN_FRAMEWORK_HEADER = YES;
				CLANG_WARN_RANGE_LOOP_ANALYSIS = YES;
				CLANG_WARN_STRICT_PROTOTYPES = YES;
				CLANG_WARN_SUSPICIOUS_MOVE = YES;
				CLANG_WARN_UNGUARDED_AVAILABILITY = YES_AGGRESSIVE;
				CLANG_WARN_UNREACHABLE_CODE = YES;
				CLANG_WARN__DUPLICATE_METHOD_MATCH = YES;
				COPY_PHASE_STRIP = NO;
				DEBUG_INFORMATION_FORMAT = dwarf;
				ENABLE_STRICT_OBJC_MSGSEND = YES;
				ENABLE_TESTABILITY = YES;
				GCC_C_LANGUAGE_STANDARD = gnu11;
				GCC_DYNAMIC_NO_PIC = NO;
				GCC_NO_COMMON_BLOCKS = YES;
				GCC_OPTIMIZATION_LEVEL = 0;
				GCC_PREPROCESSOR_DEFINITIONS = (
					"DEBUG=1",
					"$(inherited)",
				);
				GCC_WARN_64_TO_32_BIT_CONVERSION = YES;
				GCC_WARN_ABOUT_RETURN_TYPE = YES_ERROR;
				GCC_WARN_UNDECLARED_SELECTOR = YES;
				GCC_WARN_UNINITIALIZED_AUTOS = YES_AGGRESSIVE;
				GCC_WARN_UNUSED_FUNCTION = YES;
				GCC_WARN_UNUSED_VARIABLE = YES;
				IPHONEOS_DEPLOYMENT_TARGET = 14.1;
				MTL_ENABLE_DEBUG_INFO = INCLUDE_SOURCE;
				MTL_FAST_MATH = YES;
				ONLY_ACTIVE_ARCH = YES;
				SDKROOT = iphoneos;
				SWIFT_ACTIVE_COMPILATION_CONDITIONS = DEBUG;
				SWIFT_OPTIMIZATION_LEVEL = "-Onone";
			};
			name = Debug;
		};
		1BF229F925481BE700051A4A /* Release */ = {
			isa = XCBuildConfiguration;
			buildSettings = {
				ALWAYS_SEARCH_USER_PATHS = NO;
				CLANG_ANALYZER_LOCALIZABILITY_NONLOCALIZED = YES;
				CLANG_ANALYZER_NONNULL = YES;
				CLANG_ANALYZER_NUMBER_OBJECT_CONVERSION = YES_AGGRESSIVE;
				CLANG_CXX_LANGUAGE_STANDARD = "gnu++14";
				CLANG_CXX_LIBRARY = "libc++";
				CLANG_ENABLE_MODULES = YES;
				CLANG_ENABLE_OBJC_ARC = YES;
				CLANG_ENABLE_OBJC_WEAK = YES;
				CLANG_WARN_BLOCK_CAPTURE_AUTORELEASING = YES;
				CLANG_WARN_BOOL_CONVERSION = YES;
				CLANG_WARN_COMMA = YES;
				CLANG_WARN_CONSTANT_CONVERSION = YES;
				CLANG_WARN_DEPRECATED_OBJC_IMPLEMENTATIONS = YES;
				CLANG_WARN_DIRECT_OBJC_ISA_USAGE = YES_ERROR;
				CLANG_WARN_DOCUMENTATION_COMMENTS = YES;
				CLANG_WARN_EMPTY_BODY = YES;
				CLANG_WARN_ENUM_CONVERSION = YES;
				CLANG_WARN_INFINITE_RECURSION = YES;
				CLANG_WARN_INT_CONVERSION = YES;
				CLANG_WARN_NON_LITERAL_NULL_CONVERSION = YES;
				CLANG_WARN_OBJC_IMPLICIT_RETAIN_SELF = YES;
				CLANG_WARN_OBJC_LITERAL_CONVERSION = YES;
				CLANG_WARN_OBJC_ROOT_CLASS = YES_ERROR;
				CLANG_WARN_QUOTED_INCLUDE_IN_FRAMEWORK_HEADER = YES;
				CLANG_WARN_RANGE_LOOP_ANALYSIS = YES;
				CLANG_WARN_STRICT_PROTOTYPES = YES;
				CLANG_WARN_SUSPICIOUS_MOVE = YES;
				CLANG_WARN_UNGUARDED_AVAILABILITY = YES_AGGRESSIVE;
				CLANG_WARN_UNREACHABLE_CODE = YES;
				CLANG_WARN__DUPLICATE_METHOD_MATCH = YES;
				COPY_PHASE_STRIP = NO;
				DEBUG_INFORMATION_FORMAT = "dwarf-with-dsym";
				ENABLE_NS_ASSERTIONS = NO;
				ENABLE_STRICT_OBJC_MSGSEND = YES;
				GCC_C_LANGUAGE_STANDARD = gnu11;
				GCC_NO_COMMON_BLOCKS = YES;
				GCC_WARN_64_TO_32_BIT_CONVERSION = YES;
				GCC_WARN_ABOUT_RETURN_TYPE = YES_ERROR;
				GCC_WARN_UNDECLARED_SELECTOR = YES;
				GCC_WARN_UNINITIALIZED_AUTOS = YES_AGGRESSIVE;
				GCC_WARN_UNUSED_FUNCTION = YES;
				GCC_WARN_UNUSED_VARIABLE = YES;
				IPHONEOS_DEPLOYMENT_TARGET = 14.1;
				MTL_ENABLE_DEBUG_INFO = NO;
				MTL_FAST_MATH = YES;
				SDKROOT = iphoneos;
				SWIFT_COMPILATION_MODE = wholemodule;
				SWIFT_OPTIMIZATION_LEVEL = "-O";
				VALIDATE_PRODUCT = YES;
			};
			name = Release;
		};
		1BF229FB25481BE700051A4A /* Debug */ = {
			isa = XCBuildConfiguration;
			buildSettings = {
				ASSETCATALOG_COMPILER_APPICON_NAME = AppIcon;
				ASSETCATALOG_COMPILER_GLOBAL_ACCENT_COLOR_NAME = AccentColor;
				CODE_SIGN_STYLE = Automatic;
				DEVELOPMENT_ASSET_PATHS = "\"TourDeForce/Preview Content\"";
				DEVELOPMENT_TEAM = 2APR69P27L;
				ENABLE_PREVIEWS = YES;
				INFOPLIST_FILE = TourDeForce/Configuration/Info.plist;
				IPHONEOS_DEPLOYMENT_TARGET = 14.0;
				LD_RUNPATH_SEARCH_PATHS = (
					"$(inherited)",
					"@executable_path/Frameworks",
				);
				PRODUCT_BUNDLE_IDENTIFIER = com.codecabal.TourDeForce;
				PRODUCT_NAME = "$(TARGET_NAME)";
				SWIFT_VERSION = 5.0;
				TARGETED_DEVICE_FAMILY = 1;
			};
			name = Debug;
		};
		1BF229FC25481BE700051A4A /* Release */ = {
			isa = XCBuildConfiguration;
			buildSettings = {
				ASSETCATALOG_COMPILER_APPICON_NAME = AppIcon;
				ASSETCATALOG_COMPILER_GLOBAL_ACCENT_COLOR_NAME = AccentColor;
				CODE_SIGN_STYLE = Automatic;
				DEVELOPMENT_ASSET_PATHS = "\"TourDeForce/Preview Content\"";
				DEVELOPMENT_TEAM = 2APR69P27L;
				ENABLE_PREVIEWS = YES;
				INFOPLIST_FILE = TourDeForce/Configuration/Info.plist;
				IPHONEOS_DEPLOYMENT_TARGET = 14.0;
				LD_RUNPATH_SEARCH_PATHS = (
					"$(inherited)",
					"@executable_path/Frameworks",
				);
				PRODUCT_BUNDLE_IDENTIFIER = com.codecabal.TourDeForce;
				PRODUCT_NAME = "$(TARGET_NAME)";
				SWIFT_VERSION = 5.0;
				TARGETED_DEVICE_FAMILY = 1;
			};
			name = Release;
		};
/* End XCBuildConfiguration section */

/* Begin XCConfigurationList section */
		1B297A4425C17B3C003E8A6A /* Build configuration list for PBXNativeTarget "TourDeForceTests" */ = {
			isa = XCConfigurationList;
			buildConfigurations = (
				1B297A4525C17B3C003E8A6A /* Debug */,
				1B297A4625C17B3C003E8A6A /* Release */,
			);
			defaultConfigurationIsVisible = 0;
			defaultConfigurationName = Release;
		};
		1B52DC5525D55C2F00ED1B5E /* Build configuration list for PBXNativeTarget "PerformanceTests" */ = {
			isa = XCConfigurationList;
			buildConfigurations = (
				1B52DC5625D55C2F00ED1B5E /* Debug */,
				1B52DC5725D55C2F00ED1B5E /* Release */,
			);
			defaultConfigurationIsVisible = 0;
			defaultConfigurationName = Release;
		};
		1BAD06F625DFBB2E00D27EE1 /* Build configuration list for PBXNativeTarget "TourDeForceUITests" */ = {
			isa = XCConfigurationList;
			buildConfigurations = (
				1BAD06F425DFBB2E00D27EE1 /* Debug */,
				1BAD06F525DFBB2E00D27EE1 /* Release */,
			);
			defaultConfigurationIsVisible = 0;
			defaultConfigurationName = Release;
		};
		1BF229E625481BDF00051A4A /* Build configuration list for PBXProject "TourDeForce" */ = {
			isa = XCConfigurationList;
			buildConfigurations = (
				1BF229F825481BE700051A4A /* Debug */,
				1BF229F925481BE700051A4A /* Release */,
			);
			defaultConfigurationIsVisible = 0;
			defaultConfigurationName = Release;
		};
		1BF229FA25481BE700051A4A /* Build configuration list for PBXNativeTarget "TourDeForce" */ = {
			isa = XCConfigurationList;
			buildConfigurations = (
				1BF229FB25481BE700051A4A /* Debug */,
				1BF229FC25481BE700051A4A /* Release */,
			);
			defaultConfigurationIsVisible = 0;
			defaultConfigurationName = Release;
		};
/* End XCConfigurationList section */

/* Begin XCVersionGroup section */
		1BF229FF2548227A00051A4A /* Main.xcdatamodeld */ = {
			isa = XCVersionGroup;
			children = (
				1BF22A002548227A00051A4A /* Main.xcdatamodel */,
			);
			currentVersion = 1BF22A002548227A00051A4A /* Main.xcdatamodel */;
			path = Main.xcdatamodeld;
			sourceTree = "<group>";
			versionGroupType = wrapper.xcdatamodel;
		};
/* End XCVersionGroup section */
	};
	rootObject = 1BF229E325481BDF00051A4A /* Project object */;
}
