// !$*UTF8*$!
{
	archiveVersion = 1;
	classes = {
	};
	objectVersion = 50;
	objects = {

/* Begin PBXBuildFile section */
		1B0A1FD825483386006D0605 /* EditItemView.swift in Sources */ = {isa = PBXBuildFile; fileRef = 1B0A1FD725483386006D0605 /* EditItemView.swift */; };
		1B0A1FDC254839A4006D0605 /* ItemRowView.swift in Sources */ = {isa = PBXBuildFile; fileRef = 1B0A1FDB254839A4006D0605 /* ItemRowView.swift */; };
		1B35218B254825E90056294D /* DataController.swift in Sources */ = {isa = PBXBuildFile; fileRef = 1B35218A254825E90056294D /* DataController.swift */; };
		1B35218F2548283B0056294D /* HomeView.swift in Sources */ = {isa = PBXBuildFile; fileRef = 1B35218D2548283B0056294D /* HomeView.swift */; };
		1B3521902548283B0056294D /* ProjectsView.swift in Sources */ = {isa = PBXBuildFile; fileRef = 1B35218E2548283B0056294D /* ProjectsView.swift */; };
		1B352199254829B50056294D /* Project-CoreDataHelpers.swift in Sources */ = {isa = PBXBuildFile; fileRef = 1B352197254829B50056294D /* Project-CoreDataHelpers.swift */; };
		1B35219A254829B50056294D /* Item-CoreDataHelpers.swift in Sources */ = {isa = PBXBuildFile; fileRef = 1B352198254829B50056294D /* Item-CoreDataHelpers.swift */; };
		1B35219D25482BA80056294D /* ContentView.swift in Sources */ = {isa = PBXBuildFile; fileRef = 1B35219C25482BA80056294D /* ContentView.swift */; };
		1BF229EF25481BDF00051A4A /* TourDeForceApp.swift in Sources */ = {isa = PBXBuildFile; fileRef = 1BF229EE25481BDF00051A4A /* TourDeForceApp.swift */; };
		1BF229F325481BE700051A4A /* Assets.xcassets in Resources */ = {isa = PBXBuildFile; fileRef = 1BF229F225481BE700051A4A /* Assets.xcassets */; };
		1BF229F625481BE700051A4A /* Preview Assets.xcassets in Resources */ = {isa = PBXBuildFile; fileRef = 1BF229F525481BE700051A4A /* Preview Assets.xcassets */; };
		1BF22A012548227A00051A4A /* Main.xcdatamodeld in Sources */ = {isa = PBXBuildFile; fileRef = 1BF229FF2548227A00051A4A /* Main.xcdatamodeld */; };
/* End PBXBuildFile section */

/* Begin PBXFileReference section */
		1B0A1FD725483386006D0605 /* EditItemView.swift */ = {isa = PBXFileReference; lastKnownFileType = sourcecode.swift; path = EditItemView.swift; sourceTree = "<group>"; };
		1B0A1FDB254839A4006D0605 /* ItemRowView.swift */ = {isa = PBXFileReference; lastKnownFileType = sourcecode.swift; path = ItemRowView.swift; sourceTree = "<group>"; };
		1B35218A254825E90056294D /* DataController.swift */ = {isa = PBXFileReference; fileEncoding = 4; lastKnownFileType = sourcecode.swift; path = DataController.swift; sourceTree = "<group>"; };
		1B35218D2548283B0056294D /* HomeView.swift */ = {isa = PBXFileReference; fileEncoding = 4; lastKnownFileType = sourcecode.swift; path = HomeView.swift; sourceTree = "<group>"; };
		1B35218E2548283B0056294D /* ProjectsView.swift */ = {isa = PBXFileReference; fileEncoding = 4; lastKnownFileType = sourcecode.swift; path = ProjectsView.swift; sourceTree = "<group>"; };
		1B352197254829B50056294D /* Project-CoreDataHelpers.swift */ = {isa = PBXFileReference; fileEncoding = 4; lastKnownFileType = sourcecode.swift; path = "Project-CoreDataHelpers.swift"; sourceTree = "<group>"; };
		1B352198254829B50056294D /* Item-CoreDataHelpers.swift */ = {isa = PBXFileReference; fileEncoding = 4; lastKnownFileType = sourcecode.swift; path = "Item-CoreDataHelpers.swift"; sourceTree = "<group>"; };
		1B35219C25482BA80056294D /* ContentView.swift */ = {isa = PBXFileReference; lastKnownFileType = sourcecode.swift; path = ContentView.swift; sourceTree = "<group>"; };
		1BF229EB25481BDF00051A4A /* TourDeForce.app */ = {isa = PBXFileReference; explicitFileType = wrapper.application; includeInIndex = 0; path = TourDeForce.app; sourceTree = BUILT_PRODUCTS_DIR; };
		1BF229EE25481BDF00051A4A /* TourDeForceApp.swift */ = {isa = PBXFileReference; lastKnownFileType = sourcecode.swift; path = TourDeForceApp.swift; sourceTree = "<group>"; };
		1BF229F225481BE700051A4A /* Assets.xcassets */ = {isa = PBXFileReference; lastKnownFileType = folder.assetcatalog; path = Assets.xcassets; sourceTree = "<group>"; };
		1BF229F525481BE700051A4A /* Preview Assets.xcassets */ = {isa = PBXFileReference; lastKnownFileType = folder.assetcatalog; path = "Preview Assets.xcassets"; sourceTree = "<group>"; };
		1BF229F725481BE700051A4A /* Info.plist */ = {isa = PBXFileReference; lastKnownFileType = text.plist.xml; path = Info.plist; sourceTree = "<group>"; };
		1BF22A002548227A00051A4A /* Main.xcdatamodel */ = {isa = PBXFileReference; lastKnownFileType = wrapper.xcdatamodel; path = Main.xcdatamodel; sourceTree = "<group>"; };
/* End PBXFileReference section */

/* Begin PBXFrameworksBuildPhase section */
		1BF229E825481BDF00051A4A /* Frameworks */ = {
			isa = PBXFrameworksBuildPhase;
			buildActionMask = 2147483647;
			files = (
			);
			runOnlyForDeploymentPostprocessing = 0;
		};
/* End PBXFrameworksBuildPhase section */

/* Begin PBXGroup section */
		1B35219F25482C130056294D /* Views */ = {
			isa = PBXGroup;
			children = (
				1B35219C25482BA80056294D /* ContentView.swift */,
				1B0A1FD725483386006D0605 /* EditItemView.swift */,
				1B35218D2548283B0056294D /* HomeView.swift */,
				1B35218E2548283B0056294D /* ProjectsView.swift */,
				1B0A1FDB254839A4006D0605 /* ItemRowView.swift */,
			);
			path = Views;
			sourceTree = "<group>";
		};
		1B3521A125482C240056294D /* Helpers */ = {
			isa = PBXGroup;
			children = (
				1B352198254829B50056294D /* Item-CoreDataHelpers.swift */,
				1B352197254829B50056294D /* Project-CoreDataHelpers.swift */,
			);
			path = Helpers;
			sourceTree = "<group>";
		};
		1B3521A325482C4B0056294D /* Controllers */ = {
			isa = PBXGroup;
			children = (
				1B35218A254825E90056294D /* DataController.swift */,
			);
			path = Controllers;
			sourceTree = "<group>";
		};
		1B3521A525482C540056294D /* Models */ = {
			isa = PBXGroup;
			children = (
				1BF229FF2548227A00051A4A /* Main.xcdatamodeld */,
			);
			path = Models;
			sourceTree = "<group>";
		};
		1BF229E225481BDF00051A4A = {
			isa = PBXGroup;
			children = (
				1BF229ED25481BDF00051A4A /* TourDeForce */,
				1BF229EC25481BDF00051A4A /* Products */,
			);
			sourceTree = "<group>";
		};
		1BF229EC25481BDF00051A4A /* Products */ = {
			isa = PBXGroup;
			children = (
				1BF229EB25481BDF00051A4A /* TourDeForce.app */,
			);
			name = Products;
			sourceTree = "<group>";
		};
		1BF229ED25481BDF00051A4A /* TourDeForce */ = {
			isa = PBXGroup;
			children = (
				1BF229EE25481BDF00051A4A /* TourDeForceApp.swift */,
				1B3521A525482C540056294D /* Models */,
				1B35219F25482C130056294D /* Views */,
				1B3521A325482C4B0056294D /* Controllers */,
				1B3521A125482C240056294D /* Helpers */,
				1BF229F225481BE700051A4A /* Assets.xcassets */,
				1BF229F725481BE700051A4A /* Info.plist */,
				1BF229F425481BE700051A4A /* Preview Content */,
			);
			path = TourDeForce;
			sourceTree = "<group>";
		};
		1BF229F425481BE700051A4A /* Preview Content */ = {
			isa = PBXGroup;
			children = (
				1BF229F525481BE700051A4A /* Preview Assets.xcassets */,
			);
			path = "Preview Content";
			sourceTree = "<group>";
		};
/* End PBXGroup section */

/* Begin PBXNativeTarget section */
		1BF229EA25481BDF00051A4A /* TourDeForce */ = {
			isa = PBXNativeTarget;
			buildConfigurationList = 1BF229FA25481BE700051A4A /* Build configuration list for PBXNativeTarget "TourDeForce" */;
			buildPhases = (
				1BF229E725481BDF00051A4A /* Sources */,
				1BF229E825481BDF00051A4A /* Frameworks */,
				1BF229E925481BDF00051A4A /* Resources */,
			);
			buildRules = (
			);
			dependencies = (
			);
			name = TourDeForce;
			productName = TourDeForce;
			productReference = 1BF229EB25481BDF00051A4A /* TourDeForce.app */;
			productType = "com.apple.product-type.application";
		};
/* End PBXNativeTarget section */

/* Begin PBXProject section */
		1BF229E325481BDF00051A4A /* Project object */ = {
			isa = PBXProject;
			attributes = {
				LastSwiftUpdateCheck = 1210;
				LastUpgradeCheck = 1210;
				TargetAttributes = {
					1BF229EA25481BDF00051A4A = {
						CreatedOnToolsVersion = 12.1;
					};
				};
			};
			buildConfigurationList = 1BF229E625481BDF00051A4A /* Build configuration list for PBXProject "TourDeForce" */;
			compatibilityVersion = "Xcode 9.3";
			developmentRegion = en;
			hasScannedForEncodings = 0;
			knownRegions = (
				en,
				Base,
			);
			mainGroup = 1BF229E225481BDF00051A4A;
			productRefGroup = 1BF229EC25481BDF00051A4A /* Products */;
			projectDirPath = "";
			projectRoot = "";
			targets = (
				1BF229EA25481BDF00051A4A /* TourDeForce */,
			);
		};
/* End PBXProject section */

/* Begin PBXResourcesBuildPhase section */
		1BF229E925481BDF00051A4A /* Resources */ = {
			isa = PBXResourcesBuildPhase;
			buildActionMask = 2147483647;
			files = (
				1BF229F625481BE700051A4A /* Preview Assets.xcassets in Resources */,
				1BF229F325481BE700051A4A /* Assets.xcassets in Resources */,
			);
			runOnlyForDeploymentPostprocessing = 0;
		};
/* End PBXResourcesBuildPhase section */

/* Begin PBXSourcesBuildPhase section */
		1BF229E725481BDF00051A4A /* Sources */ = {
			isa = PBXSourcesBuildPhase;
			buildActionMask = 2147483647;
			files = (
				1B3521902548283B0056294D /* ProjectsView.swift in Sources */,
				1BF22A012548227A00051A4A /* Main.xcdatamodeld in Sources */,
				1B35219D25482BA80056294D /* ContentView.swift in Sources */,
				1B352199254829B50056294D /* Project-CoreDataHelpers.swift in Sources */,
				1B0A1FDC254839A4006D0605 /* ItemRowView.swift in Sources */,
				1B35218B254825E90056294D /* DataController.swift in Sources */,
				1B35218F2548283B0056294D /* HomeView.swift in Sources */,
				1BF229EF25481BDF00051A4A /* TourDeForceApp.swift in Sources */,
				1B35219A254829B50056294D /* Item-CoreDataHelpers.swift in Sources */,
				1B0A1FD825483386006D0605 /* EditItemView.swift in Sources */,
			);
			runOnlyForDeploymentPostprocessing = 0;
		};
/* End PBXSourcesBuildPhase section */

/* Begin XCBuildConfiguration section */
		1BF229F825481BE700051A4A /* Debug */ = {
			isa = XCBuildConfiguration;
			buildSettings = {
				ALWAYS_SEARCH_USER_PATHS = NO;
				CLANG_ANALYZER_NONNULL = YES;
				CLANG_ANALYZER_NUMBER_OBJECT_CONVERSION = YES_AGGRESSIVE;
				CLANG_CXX_LANGUAGE_STANDARD = "gnu++14";
				CLANG_CXX_LIBRARY = "libc++";
				CLANG_ENABLE_MODULES = YES;
				CLANG_ENABLE_OBJC_ARC = YES;
				CLANG_ENABLE_OBJC_WEAK = YES;
				CLANG_WARN_BLOCK_CAPTURE_AUTORELEASING = YES;
				CLANG_WARN_BOOL_CONVERSION = YES;
				CLANG_WARN_COMMA = YES;
				CLANG_WARN_CONSTANT_CONVERSION = YES;
				CLANG_WARN_DEPRECATED_OBJC_IMPLEMENTATIONS = YES;
				CLANG_WARN_DIRECT_OBJC_ISA_USAGE = YES_ERROR;
				CLANG_WARN_DOCUMENTATION_COMMENTS = YES;
				CLANG_WARN_EMPTY_BODY = YES;
				CLANG_WARN_ENUM_CONVERSION = YES;
				CLANG_WARN_INFINITE_RECURSION = YES;
				CLANG_WARN_INT_CONVERSION = YES;
				CLANG_WARN_NON_LITERAL_NULL_CONVERSION = YES;
				CLANG_WARN_OBJC_IMPLICIT_RETAIN_SELF = YES;
				CLANG_WARN_OBJC_LITERAL_CONVERSION = YES;
				CLANG_WARN_OBJC_ROOT_CLASS = YES_ERROR;
				CLANG_WARN_QUOTED_INCLUDE_IN_FRAMEWORK_HEADER = YES;
				CLANG_WARN_RANGE_LOOP_ANALYSIS = YES;
				CLANG_WARN_STRICT_PROTOTYPES = YES;
				CLANG_WARN_SUSPICIOUS_MOVE = YES;
				CLANG_WARN_UNGUARDED_AVAILABILITY = YES_AGGRESSIVE;
				CLANG_WARN_UNREACHABLE_CODE = YES;
				CLANG_WARN__DUPLICATE_METHOD_MATCH = YES;
				COPY_PHASE_STRIP = NO;
				DEBUG_INFORMATION_FORMAT = dwarf;
				ENABLE_STRICT_OBJC_MSGSEND = YES;
				ENABLE_TESTABILITY = YES;
				GCC_C_LANGUAGE_STANDARD = gnu11;
				GCC_DYNAMIC_NO_PIC = NO;
				GCC_NO_COMMON_BLOCKS = YES;
				GCC_OPTIMIZATION_LEVEL = 0;
				GCC_PREPROCESSOR_DEFINITIONS = (
					"DEBUG=1",
					"$(inherited)",
				);
				GCC_WARN_64_TO_32_BIT_CONVERSION = YES;
				GCC_WARN_ABOUT_RETURN_TYPE = YES_ERROR;
				GCC_WARN_UNDECLARED_SELECTOR = YES;
				GCC_WARN_UNINITIALIZED_AUTOS = YES_AGGRESSIVE;
				GCC_WARN_UNUSED_FUNCTION = YES;
				GCC_WARN_UNUSED_VARIABLE = YES;
				IPHONEOS_DEPLOYMENT_TARGET = 14.1;
				MTL_ENABLE_DEBUG_INFO = INCLUDE_SOURCE;
				MTL_FAST_MATH = YES;
				ONLY_ACTIVE_ARCH = YES;
				SDKROOT = iphoneos;
				SWIFT_ACTIVE_COMPILATION_CONDITIONS = DEBUG;
				SWIFT_OPTIMIZATION_LEVEL = "-Onone";
			};
			name = Debug;
		};
		1BF229F925481BE700051A4A /* Release */ = {
			isa = XCBuildConfiguration;
			buildSettings = {
				ALWAYS_SEARCH_USER_PATHS = NO;
				CLANG_ANALYZER_NONNULL = YES;
				CLANG_ANALYZER_NUMBER_OBJECT_CONVERSION = YES_AGGRESSIVE;
				CLANG_CXX_LANGUAGE_STANDARD = "gnu++14";
				CLANG_CXX_LIBRARY = "libc++";
				CLANG_ENABLE_MODULES = YES;
				CLANG_ENABLE_OBJC_ARC = YES;
				CLANG_ENABLE_OBJC_WEAK = YES;
				CLANG_WARN_BLOCK_CAPTURE_AUTORELEASING = YES;
				CLANG_WARN_BOOL_CONVERSION = YES;
				CLANG_WARN_COMMA = YES;
				CLANG_WARN_CONSTANT_CONVERSION = YES;
				CLANG_WARN_DEPRECATED_OBJC_IMPLEMENTATIONS = YES;
				CLANG_WARN_DIRECT_OBJC_ISA_USAGE = YES_ERROR;
				CLANG_WARN_DOCUMENTATION_COMMENTS = YES;
				CLANG_WARN_EMPTY_BODY = YES;
				CLANG_WARN_ENUM_CONVERSION = YES;
				CLANG_WARN_INFINITE_RECURSION = YES;
				CLANG_WARN_INT_CONVERSION = YES;
				CLANG_WARN_NON_LITERAL_NULL_CONVERSION = YES;
				CLANG_WARN_OBJC_IMPLICIT_RETAIN_SELF = YES;
				CLANG_WARN_OBJC_LITERAL_CONVERSION = YES;
				CLANG_WARN_OBJC_ROOT_CLASS = YES_ERROR;
				CLANG_WARN_QUOTED_INCLUDE_IN_FRAMEWORK_HEADER = YES;
				CLANG_WARN_RANGE_LOOP_ANALYSIS = YES;
				CLANG_WARN_STRICT_PROTOTYPES = YES;
				CLANG_WARN_SUSPICIOUS_MOVE = YES;
				CLANG_WARN_UNGUARDED_AVAILABILITY = YES_AGGRESSIVE;
				CLANG_WARN_UNREACHABLE_CODE = YES;
				CLANG_WARN__DUPLICATE_METHOD_MATCH = YES;
				COPY_PHASE_STRIP = NO;
				DEBUG_INFORMATION_FORMAT = "dwarf-with-dsym";
				ENABLE_NS_ASSERTIONS = NO;
				ENABLE_STRICT_OBJC_MSGSEND = YES;
				GCC_C_LANGUAGE_STANDARD = gnu11;
				GCC_NO_COMMON_BLOCKS = YES;
				GCC_WARN_64_TO_32_BIT_CONVERSION = YES;
				GCC_WARN_ABOUT_RETURN_TYPE = YES_ERROR;
				GCC_WARN_UNDECLARED_SELECTOR = YES;
				GCC_WARN_UNINITIALIZED_AUTOS = YES_AGGRESSIVE;
				GCC_WARN_UNUSED_FUNCTION = YES;
				GCC_WARN_UNUSED_VARIABLE = YES;
				IPHONEOS_DEPLOYMENT_TARGET = 14.1;
				MTL_ENABLE_DEBUG_INFO = NO;
				MTL_FAST_MATH = YES;
				SDKROOT = iphoneos;
				SWIFT_COMPILATION_MODE = wholemodule;
				SWIFT_OPTIMIZATION_LEVEL = "-O";
				VALIDATE_PRODUCT = YES;
			};
			name = Release;
		};
		1BF229FB25481BE700051A4A /* Debug */ = {
			isa = XCBuildConfiguration;
			buildSettings = {
				ASSETCATALOG_COMPILER_APPICON_NAME = AppIcon;
				ASSETCATALOG_COMPILER_GLOBAL_ACCENT_COLOR_NAME = AccentColor;
				CODE_SIGN_STYLE = Automatic;
				DEVELOPMENT_ASSET_PATHS = "\"TourDeForce/Preview Content\"";
				DEVELOPMENT_TEAM = 2APR69P27L;
				ENABLE_PREVIEWS = YES;
				INFOPLIST_FILE = TourDeForce/Info.plist;
				IPHONEOS_DEPLOYMENT_TARGET = 14.0;
				LD_RUNPATH_SEARCH_PATHS = (
					"$(inherited)",
					"@executable_path/Frameworks",
				);
				PRODUCT_BUNDLE_IDENTIFIER = com.codecabal.TourDeForce;
				PRODUCT_NAME = "$(TARGET_NAME)";
				SWIFT_VERSION = 5.0;
				TARGETED_DEVICE_FAMILY = "1,2";
			};
			name = Debug;
		};
		1BF229FC25481BE700051A4A /* Release */ = {
			isa = XCBuildConfiguration;
			buildSettings = {
				ASSETCATALOG_COMPILER_APPICON_NAME = AppIcon;
				ASSETCATALOG_COMPILER_GLOBAL_ACCENT_COLOR_NAME = AccentColor;
				CODE_SIGN_STYLE = Automatic;
				DEVELOPMENT_ASSET_PATHS = "\"TourDeForce/Preview Content\"";
				DEVELOPMENT_TEAM = 2APR69P27L;
				ENABLE_PREVIEWS = YES;
				INFOPLIST_FILE = TourDeForce/Info.plist;
				IPHONEOS_DEPLOYMENT_TARGET = 14.0;
				LD_RUNPATH_SEARCH_PATHS = (
					"$(inherited)",
					"@executable_path/Frameworks",
				);
				PRODUCT_BUNDLE_IDENTIFIER = com.codecabal.TourDeForce;
				PRODUCT_NAME = "$(TARGET_NAME)";
				SWIFT_VERSION = 5.0;
				TARGETED_DEVICE_FAMILY = "1,2";
			};
			name = Release;
		};
/* End XCBuildConfiguration section */

/* Begin XCConfigurationList section */
		1BF229E625481BDF00051A4A /* Build configuration list for PBXProject "TourDeForce" */ = {
			isa = XCConfigurationList;
			buildConfigurations = (
				1BF229F825481BE700051A4A /* Debug */,
				1BF229F925481BE700051A4A /* Release */,
			);
			defaultConfigurationIsVisible = 0;
			defaultConfigurationName = Release;
		};
		1BF229FA25481BE700051A4A /* Build configuration list for PBXNativeTarget "TourDeForce" */ = {
			isa = XCConfigurationList;
			buildConfigurations = (
				1BF229FB25481BE700051A4A /* Debug */,
				1BF229FC25481BE700051A4A /* Release */,
			);
			defaultConfigurationIsVisible = 0;
			defaultConfigurationName = Release;
		};
/* End XCConfigurationList section */

/* Begin XCVersionGroup section */
		1BF229FF2548227A00051A4A /* Main.xcdatamodeld */ = {
			isa = XCVersionGroup;
			children = (
				1BF22A002548227A00051A4A /* Main.xcdatamodel */,
			);
			currentVersion = 1BF22A002548227A00051A4A /* Main.xcdatamodel */;
			path = Main.xcdatamodeld;
			sourceTree = "<group>";
			versionGroupType = wrapper.xcdatamodel;
		};
/* End XCVersionGroup section */
	};
	rootObject = 1BF229E325481BDF00051A4A /* Project object */;
}
